{
  "version": 4,
  "terraform_version": "0.12.16",
  "serial": 23,
  "lineage": "755ca5aa-5682-2288-5a6e-9780f7375611",
  "outputs": {},
  "resources": [
    {
      "module": "module.vcn",
      "mode": "data",
      "type": "oci_identity_availability_domains",
      "name": "ads",
      "provider": "provider.oci",
      "instances": [
        {
          "schema_version": 0,
          "attributes": {
            "availability_domains": [
              {
                "compartment_id": "ocid1.tenancy.oc1..aaaaaaaav4pzoywgjsetng4neekf534ulk4tycw3mhfnyulskotpkk6qr4ca",
                "id": "ocid1.availabilitydomain.oc1..aaaaaaaauvt2n7pijol7uqgdnnsoojcukrijtmcltvfwxazmitk235wyohta",
                "name": "XkvG:US-ASHBURN-AD-1"
              },
              {
                "compartment_id": "ocid1.tenancy.oc1..aaaaaaaav4pzoywgjsetng4neekf534ulk4tycw3mhfnyulskotpkk6qr4ca",
                "id": "ocid1.availabilitydomain.oc1..aaaaaaaaztunlny6ae4yw2vghp5go2zceaonwp6wiioe3tnh2vlaxjjl2n3a",
                "name": "XkvG:US-ASHBURN-AD-2"
              },
              {
                "compartment_id": "ocid1.tenancy.oc1..aaaaaaaav4pzoywgjsetng4neekf534ulk4tycw3mhfnyulskotpkk6qr4ca",
                "id": "ocid1.availabilitydomain.oc1..aaaaaaaatrwxaogr7dl4yschqtrmqrdv6uzis3mgbnomiagqrfhcb7mxsfdq",
                "name": "XkvG:US-ASHBURN-AD-3"
              }
            ],
            "compartment_id": "ocid1.tenancy.oc1..aaaaaaaav4pzoywgjsetng4neekf534ulk4tycw3mhfnyulskotpkk6qr4ca",
            "filter": null,
            "id": "2019-12-05 09:47:52.003167 +0000 UTC"
          }
        }
      ]
    },
    {
      "module": "module.compute",
      "mode": "data",
      "type": "oci_identity_availability_domains",
      "name": "ads",
      "provider": "provider.oci",
      "instances": [
        {
          "schema_version": 0,
          "attributes": {
            "availability_domains": [
              {
                "compartment_id": "ocid1.tenancy.oc1..aaaaaaaav4pzoywgjsetng4neekf534ulk4tycw3mhfnyulskotpkk6qr4ca",
                "id": "ocid1.availabilitydomain.oc1..aaaaaaaauvt2n7pijol7uqgdnnsoojcukrijtmcltvfwxazmitk235wyohta",
                "name": "XkvG:US-ASHBURN-AD-1"
              },
              {
                "compartment_id": "ocid1.tenancy.oc1..aaaaaaaav4pzoywgjsetng4neekf534ulk4tycw3mhfnyulskotpkk6qr4ca",
                "id": "ocid1.availabilitydomain.oc1..aaaaaaaaztunlny6ae4yw2vghp5go2zceaonwp6wiioe3tnh2vlaxjjl2n3a",
                "name": "XkvG:US-ASHBURN-AD-2"
              },
              {
                "compartment_id": "ocid1.tenancy.oc1..aaaaaaaav4pzoywgjsetng4neekf534ulk4tycw3mhfnyulskotpkk6qr4ca",
                "id": "ocid1.availabilitydomain.oc1..aaaaaaaatrwxaogr7dl4yschqtrmqrdv6uzis3mgbnomiagqrfhcb7mxsfdq",
                "name": "XkvG:US-ASHBURN-AD-3"
              }
            ],
            "compartment_id": "ocid1.tenancy.oc1..aaaaaaaav4pzoywgjsetng4neekf534ulk4tycw3mhfnyulskotpkk6qr4ca",
            "filter": null,
            "id": "2019-12-05 09:47:53.092662 +0000 UTC"
          }
        }
      ]
    },
    {
      "module": "module.compute",
      "mode": "managed",
      "type": "oci_core_instance",
      "name": "compute_instance",
      "each": "list",
      "provider": "provider.oci",
      "instances": [
        {
          "index_key": 0,
          "schema_version": 0,
          "attributes": {
            "agent_config": [
              {
                "is_monitoring_disabled": false
              }
            ],
            "availability_domain": "XkvG:US-ASHBURN-AD-1",
            "boot_volume_id": "ocid1.bootvolume.oc1.iad.abuwcljr6uqfbdirxj7jhunfr54kvdgaaliakznine7bgbmel7mltgapsxrq",
            "compartment_id": "ocid1.compartment.oc1..aaaaaaaa6qna6tue2up53l3ggorg4mhy5bveytadhkqnnidonmpwfaj7bejq",
            "create_vnic_details": [
              {
                "assign_public_ip": "true",
                "defined_tags": {},
                "display_name": "dan-primaryvnic-47729",
                "freeform_tags": {
                  "freeform_tags": "Freeform Tags"
                },
                "hostname_label": "",
                "nsg_ids": [],
                "private_ip": "10.0.2.2",
                "skip_source_dest_check": false,
                "subnet_id": "ocid1.subnet.oc1.iad.aaaaaaaaovhb2erusuho53qtwu43vn76hxcxi5jifkca3k7r6ax4oe4mjyra"
              }
            ],
            "dedicated_vm_host_id": null,
            "defined_tags": {},
            "display_name": "dan-instance-47729-1",
            "extended_metadata": {},
            "fault_domain": "FAULT-DOMAIN-3",
            "freeform_tags": {
              "freeform_tags": "Freeform Tags"
            },
            "hostname_label": "",
            "id": "ocid1.instance.oc1.iad.anuwcljrufwbexacyhi4ouuib6d3ux36jkvcbd4d35i5pzugbd5glw3ihl2q",
            "image": "ocid1.image.oc1.iad.aaaaaaaaox73mjjcopg6damp7tssjccpp5opktr3hwgr63u2lacdt2nver5a",
            "ipxe_script": null,
            "is_pv_encryption_in_transit_enabled": null,
            "launch_mode": "NATIVE",
            "launch_options": [
              {
                "boot_volume_type": "PARAVIRTUALIZED",
                "firmware": "UEFI_64",
                "is_consistent_volume_naming_enabled": true,
                "is_pv_encryption_in_transit_enabled": true,
                "network_type": "PARAVIRTUALIZED",
                "remote_data_volume_type": "PARAVIRTUALIZED"
              }
            ],
            "metadata": {
              "ssh_authorized_keys": "ssh-rsa AAAAB3NzaC1yc2EAAAADAQABAAABAQDnV1Flgu2pg4Uwn3b+eonrAvJBLeQV1lSwkrUa2TEnH9KNajvJ/HJsGme96zSlCzA28VN5HX1EAdM3FS5ik7w2QQLtWzZ40qYmsFn+lvQw1+Dy0usTuHSOoTVb732xiMZkSYu+gV45xhbZOlWGuwQqn7hb4mH2jXjMclrh0vRKoZZgzws+2OFVQ/J+WjHCVxtX1sEQTNRYtNlE/ADfhlh7ODGcl1U7zFU0JDtPhf0Vy731fqL9+hLH96YcUag7lrAM9XmQGyiZZbDvwWklM+M15yUWjJ41KsimQ0vI9cgRvFvxnwkGKKKTlZoMKcLvOmcTXKWzIfC091aXmt895FVn DonghuKim@MacBook-Pro.local\n"
            },
            "preserve_boot_volume": null,
            "private_ip": "10.0.2.2",
            "public_ip": "150.136.220.66",
            "region": "iad",
            "shape": "VM.Standard2.1",
            "source_details": [
              {
                "boot_volume_size_in_gbs": "47",
                "kms_key_id": "",
                "source_id": "ocid1.image.oc1.iad.aaaaaaaaox73mjjcopg6damp7tssjccpp5opktr3hwgr63u2lacdt2nver5a",
                "source_type": "image"
              }
            ],
            "state": "RUNNING",
            "subnet_id": "ocid1.subnet.oc1.iad.aaaaaaaaovhb2erusuho53qtwu43vn76hxcxi5jifkca3k7r6ax4oe4mjyra",
            "system_tags": {},
            "time_created": "2019-12-05 09:44:54.376 +0000 UTC",
            "time_maintenance_reboot_due": "",
            "timeouts": {
              "create": "60m",
              "delete": null,
              "update": null
            }
          }
        },
        {
          "index_key": 1,
          "schema_version": 0,
          "attributes": {
            "agent_config": [
              {
                "is_monitoring_disabled": false
              }
            ],
            "availability_domain": "XkvG:US-ASHBURN-AD-1",
            "boot_volume_id": "ocid1.bootvolume.oc1.iad.abuwcljrghpclvh7zeoxp4vjyun24krpremba6zeb6z5mnvr6c6mok25fbcq",
            "compartment_id": "ocid1.compartment.oc1..aaaaaaaa6qna6tue2up53l3ggorg4mhy5bveytadhkqnnidonmpwfaj7bejq",
            "create_vnic_details": [
              {
                "assign_public_ip": "true",
                "defined_tags": {},
                "display_name": "dan-primaryvnic-47729",
                "freeform_tags": {
                  "freeform_tags": "Freeform Tags"
                },
                "hostname_label": "",
                "nsg_ids": [],
                "private_ip": "10.0.2.3",
                "skip_source_dest_check": false,
                "subnet_id": "ocid1.subnet.oc1.iad.aaaaaaaaovhb2erusuho53qtwu43vn76hxcxi5jifkca3k7r6ax4oe4mjyra"
              }
            ],
            "dedicated_vm_host_id": null,
            "defined_tags": {},
            "display_name": "dan-instance-47729-2",
            "extended_metadata": {},
            "fault_domain": "FAULT-DOMAIN-3",
            "freeform_tags": {
              "freeform_tags": "Freeform Tags"
            },
            "hostname_label": "",
            "id": "ocid1.instance.oc1.iad.anuwcljrufwbexac32vralsxtxxt3wdjbkb4yioj5qrsse44wv4ahlczm74q",
            "image": "ocid1.image.oc1.iad.aaaaaaaaox73mjjcopg6damp7tssjccpp5opktr3hwgr63u2lacdt2nver5a",
            "ipxe_script": null,
            "is_pv_encryption_in_transit_enabled": null,
            "launch_mode": "NATIVE",
            "launch_options": [
              {
                "boot_volume_type": "PARAVIRTUALIZED",
                "firmware": "UEFI_64",
                "is_consistent_volume_naming_enabled": true,
                "is_pv_encryption_in_transit_enabled": true,
                "network_type": "PARAVIRTUALIZED",
                "remote_data_volume_type": "PARAVIRTUALIZED"
              }
            ],
            "metadata": {
              "ssh_authorized_keys": "ssh-rsa AAAAB3NzaC1yc2EAAAADAQABAAABAQDnV1Flgu2pg4Uwn3b+eonrAvJBLeQV1lSwkrUa2TEnH9KNajvJ/HJsGme96zSlCzA28VN5HX1EAdM3FS5ik7w2QQLtWzZ40qYmsFn+lvQw1+Dy0usTuHSOoTVb732xiMZkSYu+gV45xhbZOlWGuwQqn7hb4mH2jXjMclrh0vRKoZZgzws+2OFVQ/J+WjHCVxtX1sEQTNRYtNlE/ADfhlh7ODGcl1U7zFU0JDtPhf0Vy731fqL9+hLH96YcUag7lrAM9XmQGyiZZbDvwWklM+M15yUWjJ41KsimQ0vI9cgRvFvxnwkGKKKTlZoMKcLvOmcTXKWzIfC091aXmt895FVn DonghuKim@MacBook-Pro.local\n"
            },
            "preserve_boot_volume": null,
            "private_ip": "10.0.2.3",
            "public_ip": "129.213.92.64",
            "region": "iad",
            "shape": "VM.Standard2.1",
            "source_details": [
              {
                "boot_volume_size_in_gbs": "47",
                "kms_key_id": "",
                "source_id": "ocid1.image.oc1.iad.aaaaaaaaox73mjjcopg6damp7tssjccpp5opktr3hwgr63u2lacdt2nver5a",
                "source_type": "image"
              }
            ],
            "state": "RUNNING",
            "subnet_id": "ocid1.subnet.oc1.iad.aaaaaaaaovhb2erusuho53qtwu43vn76hxcxi5jifkca3k7r6ax4oe4mjyra",
            "system_tags": {},
            "time_created": "2019-12-05 09:44:54.198 +0000 UTC",
            "time_maintenance_reboot_due": "",
            "timeouts": {
              "create": "60m",
              "delete": null,
              "update": null
            }
          }
        }
      ]
    },
    {
      "module": "module.vcn",
      "mode": "managed",
      "type": "oci_core_internet_gateway",
      "name": "igw",
      "provider": "provider.oci",
      "instances": [
        {
          "schema_version": 0,
          "attributes": {
            "compartment_id": "ocid1.compartment.oc1..aaaaaaaa6qna6tue2up53l3ggorg4mhy5bveytadhkqnnidonmpwfaj7bejq",
            "defined_tags": {},
            "display_name": "dan-igw-3334",
            "enabled": true,
            "freeform_tags": {
              "freeform_tags": "Freeform Tags"
            },
            "id": "ocid1.internetgateway.oc1.iad.aaaaaaaags2p26mi4pk5x77cditzwrhujcb6zlumd3x4l56z3y7wbcjbxqfq",
            "state": "AVAILABLE",
            "time_created": "2019-12-05 09:44:51.22 +0000 UTC",
            "timeouts": null,
            "vcn_id": "ocid1.vcn.oc1.iad.aaaaaaaat77ss6yxhwkcmgekwkhhog4pluvcld5zkouoz4f4okuyd6ilvmxq"
          },
          "private": "eyJlMmJmYjczMC1lY2FhLTExZTYtOGY4OC0zNDM2M2JjN2M0YzAiOnsiY3JlYXRlIjo5MDAwMDAwMDAwMDAsImRlbGV0ZSI6OTAwMDAwMDAwMDAwLCJ1cGRhdGUiOjkwMDAwMDAwMDAwMH19",
          "dependencies": [
            "module.compartment.oci_identity_compartment.compartment",
            "module.compartment.random_id.random_id",
            "module.vcn.oci_core_virtual_network.vcn",
            "module.vcn.random_id.random_id"
          ]
        }
      ]
    },
    {
      "module": "module.vcn",
      "mode": "managed",
      "type": "oci_core_route_table",
      "name": "public_rt",
      "provider": "provider.oci",
      "instances": [
        {
          "schema_version": 0,
          "attributes": {
            "compartment_id": "ocid1.compartment.oc1..aaaaaaaa6qna6tue2up53l3ggorg4mhy5bveytadhkqnnidonmpwfaj7bejq",
            "defined_tags": {},
            "display_name": "dan-public_rt-3334",
            "freeform_tags": {
              "freeform_tags": "Freeform Tags"
            },
            "id": "ocid1.routetable.oc1.iad.aaaaaaaa6jsnjahup7ksp5sfxwi7nnaquwspipq2rlchhl7zw3ularjcfura",
            "route_rules": [
              {
                "cidr_block": "",
                "destination": "0.0.0.0/0",
                "destination_type": "CIDR_BLOCK",
                "network_entity_id": "ocid1.internetgateway.oc1.iad.aaaaaaaags2p26mi4pk5x77cditzwrhujcb6zlumd3x4l56z3y7wbcjbxqfq"
              }
            ],
            "state": "AVAILABLE",
            "time_created": "2019-12-05 09:44:51.968 +0000 UTC",
            "timeouts": null,
            "vcn_id": "ocid1.vcn.oc1.iad.aaaaaaaat77ss6yxhwkcmgekwkhhog4pluvcld5zkouoz4f4okuyd6ilvmxq"
          },
          "private": "eyJlMmJmYjczMC1lY2FhLTExZTYtOGY4OC0zNDM2M2JjN2M0YzAiOnsiY3JlYXRlIjo5MDAwMDAwMDAwMDAsImRlbGV0ZSI6OTAwMDAwMDAwMDAwLCJ1cGRhdGUiOjkwMDAwMDAwMDAwMH19",
          "dependencies": [
            "module.compartment.oci_identity_compartment.compartment",
            "module.compartment.random_id.random_id",
            "module.vcn.oci_core_internet_gateway.igw",
            "module.vcn.oci_core_virtual_network.vcn",
            "module.vcn.random_id.random_id"
          ]
        }
      ]
    },
    {
      "module": "module.vcn",
      "mode": "managed",
      "type": "oci_core_security_list",
      "name": "public_slt",
      "provider": "provider.oci",
      "instances": [
        {
          "schema_version": 0,
          "attributes": {
            "compartment_id": "ocid1.compartment.oc1..aaaaaaaa6qna6tue2up53l3ggorg4mhy5bveytadhkqnnidonmpwfaj7bejq",
            "defined_tags": {},
            "display_name": "dan-public_slt-3334",
            "egress_security_rules": [
              {
                "destination": "0.0.0.0/0",
                "destination_type": "CIDR_BLOCK",
                "icmp_options": [],
                "protocol": "6",
                "stateless": false,
                "tcp_options": [],
                "udp_options": []
              }
            ],
            "freeform_tags": {
              "freeform_tags": "Freeform Tags"
            },
            "id": "ocid1.securitylist.oc1.iad.aaaaaaaa2ijuzqn2ig733z7h3byj6lesuevlfpfdklketkcqnomw7tpjhraq",
            "ingress_security_rules": [
              {
                "icmp_options": [],
                "protocol": "6",
                "source": "0.0.0.0/0",
                "source_type": "CIDR_BLOCK",
                "stateless": false,
                "tcp_options": [
                  {
                    "max": 80,
                    "min": 80,
                    "source_port_range": []
                  }
                ],
                "udp_options": []
              }
            ],
            "state": "AVAILABLE",
            "time_created": "2019-12-05 09:44:51.21 +0000 UTC",
            "timeouts": null,
            "vcn_id": "ocid1.vcn.oc1.iad.aaaaaaaat77ss6yxhwkcmgekwkhhog4pluvcld5zkouoz4f4okuyd6ilvmxq"
          },
          "private": "eyJlMmJmYjczMC1lY2FhLTExZTYtOGY4OC0zNDM2M2JjN2M0YzAiOnsiY3JlYXRlIjo5MDAwMDAwMDAwMDAsImRlbGV0ZSI6OTAwMDAwMDAwMDAwLCJ1cGRhdGUiOjkwMDAwMDAwMDAwMH19",
          "dependencies": [
            "module.compartment.oci_identity_compartment.compartment",
            "module.compartment.random_id.random_id",
            "module.vcn.oci_core_virtual_network.vcn",
            "module.vcn.random_id.random_id"
          ]
        }
      ]
    },
    {
      "module": "module.vcn",
      "mode": "managed",
      "type": "oci_core_subnet",
      "name": "public_subnet",
      "provider": "provider.oci",
      "instances": [
        {
          "schema_version": 0,
          "attributes": {
            "availability_domain": "XkvG:US-ASHBURN-AD-1",
            "cidr_block": "10.0.2.0/24",
            "compartment_id": "ocid1.compartment.oc1..aaaaaaaa6qna6tue2up53l3ggorg4mhy5bveytadhkqnnidonmpwfaj7bejq",
            "defined_tags": {},
            "dhcp_options_id": "ocid1.dhcpoptions.oc1.iad.aaaaaaaacmrxg6brvn7coqzfliyivdjy2o43szch4pctqent2yba543lj7mq",
            "display_name": "dan-public_subnet-3334",
            "dns_label": null,
            "freeform_tags": {
              "freeform_tags": "Freeform Tags"
            },
            "id": "ocid1.subnet.oc1.iad.aaaaaaaaovhb2erusuho53qtwu43vn76hxcxi5jifkca3k7r6ax4oe4mjyra",
            "ipv6cidr_block": null,
            "ipv6public_cidr_block": null,
            "ipv6virtual_router_ip": null,
            "prohibit_public_ip_on_vnic": false,
            "route_table_id": "ocid1.routetable.oc1.iad.aaaaaaaa6jsnjahup7ksp5sfxwi7nnaquwspipq2rlchhl7zw3ularjcfura",
            "security_list_ids": [
              "ocid1.securitylist.oc1.iad.aaaaaaaa2ijuzqn2ig733z7h3byj6lesuevlfpfdklketkcqnomw7tpjhraq"
            ],
            "state": "AVAILABLE",
            "subnet_domain_name": null,
            "time_created": "2019-12-05 09:44:52.808 +0000 UTC",
            "timeouts": null,
            "vcn_id": "ocid1.vcn.oc1.iad.aaaaaaaat77ss6yxhwkcmgekwkhhog4pluvcld5zkouoz4f4okuyd6ilvmxq",
            "virtual_router_ip": "10.0.2.1",
            "virtual_router_mac": "00:00:17:F3:00:11"
          },
          "private": "eyJlMmJmYjczMC1lY2FhLTExZTYtOGY4OC0zNDM2M2JjN2M0YzAiOnsiY3JlYXRlIjo5MDAwMDAwMDAwMDAsImRlbGV0ZSI6OTAwMDAwMDAwMDAwLCJ1cGRhdGUiOjkwMDAwMDAwMDAwMH19",
          "dependencies": [
            "module.compartment.oci_identity_compartment.compartment",
            "module.compartment.random_id.random_id",
            "module.vcn.oci_core_internet_gateway.igw",
            "module.vcn.oci_core_route_table.public_rt",
            "module.vcn.oci_core_security_list.public_slt",
            "module.vcn.oci_core_virtual_network.vcn",
            "module.vcn.random_id.random_id"
          ]
        }
      ]
    },
    {
      "module": "module.vcn",
      "mode": "managed",
      "type": "oci_core_virtual_network",
      "name": "vcn",
      "provider": "provider.oci",
      "instances": [
        {
          "schema_version": 0,
          "attributes": {
            "cidr_block": "10.0.0.0/16",
            "compartment_id": "ocid1.compartment.oc1..aaaaaaaa6qna6tue2up53l3ggorg4mhy5bveytadhkqnnidonmpwfaj7bejq",
            "default_dhcp_options_id": "ocid1.dhcpoptions.oc1.iad.aaaaaaaacmrxg6brvn7coqzfliyivdjy2o43szch4pctqent2yba543lj7mq",
            "default_route_table_id": "ocid1.routetable.oc1.iad.aaaaaaaavr7r77ducns77ikgetqnvt6pjqc4kdsms3n4yj75dfhns6diajoq",
            "default_security_list_id": "ocid1.securitylist.oc1.iad.aaaaaaaawyp24mdgw6ci3kcghp2vqczfkkmtk3xd5hafu4ta7l5g2oy24czq",
            "defined_tags": {},
            "display_name": "dan-vcn-3334",
            "dns_label": null,
            "freeform_tags": {
              "freeform_tags": "Freeform Tags"
            },
            "id": "ocid1.vcn.oc1.iad.aaaaaaaat77ss6yxhwkcmgekwkhhog4pluvcld5zkouoz4f4okuyd6ilvmxq",
            "ipv6cidr_block": null,
            "ipv6public_cidr_block": null,
            "is_ipv6enabled": null,
            "state": "AVAILABLE",
            "time_created": "2019-12-05 09:44:49.294 +0000 UTC",
            "timeouts": null,
            "vcn_domain_name": null
          },
          "private": "eyJlMmJmYjczMC1lY2FhLTExZTYtOGY4OC0zNDM2M2JjN2M0YzAiOnsiY3JlYXRlIjo5MDAwMDAwMDAwMDAsImRlbGV0ZSI6OTAwMDAwMDAwMDAwLCJ1cGRhdGUiOjkwMDAwMDAwMDAwMH19",
          "dependencies": [
            "module.compartment.oci_identity_compartment.compartment",
            "module.compartment.random_id.random_id",
            "module.vcn.random_id.random_id"
          ]
        }
      ]
    },
    {
      "module": "module.compartment",
      "mode": "managed",
      "type": "oci_identity_compartment",
      "name": "compartment",
      "provider": "provider.oci",
      "instances": [
        {
          "schema_version": 0,
          "attributes": {
            "compartment_id": "ocid1.tenancy.oc1..aaaaaaaav4pzoywgjsetng4neekf534ulk4tycw3mhfnyulskotpkk6qr4ca",
            "defined_tags": {},
            "description": "compartment created by terraform",
            "enable_delete": null,
            "freeform_tags": {
              "freeform_tags": "Freeform Tags"
            },
            "id": "ocid1.compartment.oc1..aaaaaaaa6qna6tue2up53l3ggorg4mhy5bveytadhkqnnidonmpwfaj7bejq",
            "inactive_state": null,
            "is_accessible": true,
            "name": "dan-compartment-63260",
            "state": "ACTIVE",
            "time_created": "2019-12-05 09:44:40.989 +0000 UTC",
            "timeouts": null
          },
          "private": "eyJlMmJmYjczMC1lY2FhLTExZTYtOGY4OC0zNDM2M2JjN2M0YzAiOnsiZGVsZXRlIjo1NDAwMDAwMDAwMDAwfX0=",
          "dependencies": [
            "module.compartment.random_id.random_id"
          ]
        }
      ]
    },
    {
      "module": "module.vcn",
      "mode": "managed",
      "type": "random_id",
      "name": "random_id",
      "provider": "provider.random",
      "instances": [
        {
          "schema_version": 0,
          "attributes": {
            "b64": "DQY",
            "b64_std": "DQY=",
            "b64_url": "DQY",
            "byte_length": 2,
            "dec": "3334",
            "hex": "0d06",
            "id": "DQY",
            "keepers": null,
            "prefix": null
          },
          "private": "bnVsbA=="
        }
      ]
    },
    {
      "module": "module.compartment",
      "mode": "managed",
      "type": "random_id",
      "name": "random_id",
      "provider": "provider.random",
      "instances": [
        {
          "schema_version": 0,
          "attributes": {
            "b64": "9xw",
            "b64_std": "9xw=",
            "b64_url": "9xw",
            "byte_length": 2,
            "dec": "63260",
            "hex": "f71c",
            "id": "9xw",
            "keepers": null,
            "prefix": null
          },
          "private": "bnVsbA=="
        }
      ]
    },
    {
      "module": "module.compute",
      "mode": "managed",
      "type": "random_id",
      "name": "random_id",
      "provider": "provider.random",
      "instances": [
        {
          "schema_version": 0,
          "attributes": {
            "b64": "unE",
            "b64_std": "unE=",
            "b64_url": "unE",
            "byte_length": 2,
            "dec": "47729",
            "hex": "ba71",
            "id": "unE",
            "keepers": null,
            "prefix": null
          },
          "private": "bnVsbA=="
        }
      ]
    }
  ]
}
